
Microsoft Visual Studio Solution File, Format Version 12.00
# Visual Studio Version 16
VisualStudioVersion = 16.6.30114.105
MinimumVisualStudioVersion = 10.0.40219.1
Project("{9A19103F-16F7-4668-BE54-9A1E7A4F7556}") = "LandTech.LandOwnership.Tests", "LandTech.LandOwnership.Tests\LandTech.LandOwnership.Tests.csproj", "{43DCA7CE-8762-4AA1-B310-570D8E6C44CF}"
EndProject
Project("{9A19103F-16F7-4668-BE54-9A1E7A4F7556}") = "LandTech.LandOwnership", "LandTech.LandOwnership\LandTech.LandOwnership.csproj", "{4E23285F-DB3B-4930-A43C-EEBE627FCF18}"
EndProject
Global
	GlobalSection(SolutionConfigurationPlatforms) = preSolution
		Debug|Any CPU = Debug|Any CPU
		Debug|x64 = Debug|x64
		Debug|x86 = Debug|x86
		Release|Any CPU = Release|Any CPU
		Release|x64 = Release|x64
		Release|x86 = Release|x86
	EndGlobalSection
	GlobalSection(ProjectConfigurationPlatforms) = postSolution
		{43DCA7CE-8762-4AA1-B310-570D8E6C44CF}.Debug|Any CPU.ActiveCfg = Debug|Any CPU
		{43DCA7CE-8762-4AA1-B310-570D8E6C44CF}.Debug|Any CPU.Build.0 = Debug|Any CPU
		{43DCA7CE-8762-4AA1-B310-570D8E6C44CF}.Debug|x64.ActiveCfg = Debug|Any CPU
		{43DCA7CE-8762-4AA1-B310-570D8E6C44CF}.Debug|x64.Build.0 = Debug|Any CPU
		{43DCA7CE-8762-4AA1-B310-570D8E6C44CF}.Debug|x86.ActiveCfg = Debug|Any CPU
		{43DCA7CE-8762-4AA1-B310-570D8E6C44CF}.Debug|x86.Build.0 = Debug|Any CPU
		{43DCA7CE-8762-4AA1-B310-570D8E6C44CF}.Release|Any CPU.ActiveCfg = Release|Any CPU
		{43DCA7CE-8762-4AA1-B310-570D8E6C44CF}.Release|Any CPU.Build.0 = Release|Any CPU
		{43DCA7CE-8762-4AA1-B310-570D8E6C44CF}.Release|x64.ActiveCfg = Release|Any CPU
		{43DCA7CE-8762-4AA1-B310-570D8E6C44CF}.Release|x64.Build.0 = Release|Any CPU
		{43DCA7CE-8762-4AA1-B310-570D8E6C44CF}.Release|x86.ActiveCfg = Release|Any CPU
		{43DCA7CE-8762-4AA1-B310-570D8E6C44CF}.Release|x86.Build.0 = Release|Any CPU
		{4E23285F-DB3B-4930-A43C-EEBE627FCF18}.Debug|Any CPU.ActiveCfg = Debug|Any CPU
		{4E23285F-DB3B-4930-A43C-EEBE627FCF18}.Debug|Any CPU.Build.0 = Debug|Any CPU
		{4E23285F-DB3B-4930-A43C-EEBE627FCF18}.Debug|x64.ActiveCfg = Debug|Any CPU
		{4E23285F-DB3B-4930-A43C-EEBE627FCF18}.Debug|x64.Build.0 = Debug|Any CPU
		{4E23285F-DB3B-4930-A43C-EEBE627FCF18}.Debug|x86.ActiveCfg = Debug|Any CPU
		{4E23285F-DB3B-4930-A43C-EEBE627FCF18}.Debug|x86.Build.0 = Debug|Any CPU
		{4E23285F-DB3B-4930-A43C-EEBE627FCF18}.Release|Any CPU.ActiveCfg = Release|Any CPU
		{4E23285F-DB3B-4930-A43C-EEBE627FCF18}.Release|Any CPU.Build.0 = Release|Any CPU
		{4E23285F-DB3B-4930-A43C-EEBE627FCF18}.Release|x64.ActiveCfg = Release|Any CPU
		{4E23285F-DB3B-4930-A43C-EEBE627FCF18}.Release|x64.Build.0 = Release|Any CPU
		{4E23285F-DB3B-4930-A43C-EEBE627FCF18}.Release|x86.ActiveCfg = Release|Any CPU
		{4E23285F-DB3B-4930-A43C-EEBE627FCF18}.Release|x86.Build.0 = Release|Any CPU
	EndGlobalSection
	GlobalSection(SolutionProperties) = preSolution
		HideSolutionNode = FALSE
	EndGlobalSection
	GlobalSection(ExtensibilityGlobals) = postSolution
		SolutionGuid = {044156E3-EB17-4FF6-913C-C7B86B864710}
	EndGlobalSection
EndGlobal
